PODS:
  - Masonry (0.6.3)
  - StackViewComponent (0.1.0):
    - Masonry

DEPENDENCIES:
  - StackViewComponent (from `../`)

EXTERNAL SOURCES:
  StackViewComponent:
    :path: ../

SPEC CHECKSUMS:
  Masonry: ff105a956abcd19a618b2028b121cb638d7a8e2f
  StackViewComponent: c68ad1fe808f91579e571bcbe8985ec806de1a37

COCOAPODS: 0.38.2
